// !$*UTF8*$!
{
	archiveVersion = 1;
	classes = {
	};
	objectVersion = 55;
	objects = {

/* Begin PBXBuildFile section */
		22279B5A2836425E0081BD47 /* Kingfisher in Frameworks */ = {isa = PBXBuildFile; productRef = 22279B592836425E0081BD47 /* Kingfisher */; };
		22279B5C2836444D0081BD47 /* GoogleService-Info.plist in Resources */ = {isa = PBXBuildFile; fileRef = 22279B5B2836444C0081BD47 /* GoogleService-Info.plist */; };
		22279B5F283645050081BD47 /* FirebaseAuth in Frameworks */ = {isa = PBXBuildFile; productRef = 22279B5E283645050081BD47 /* FirebaseAuth */; };
		22279B61283645050081BD47 /* FirebaseFirestoreSwift in Frameworks */ = {isa = PBXBuildFile; productRef = 22279B60283645050081BD47 /* FirebaseFirestoreSwift */; };
		22279B63283645050081BD47 /* FirebaseStorage in Frameworks */ = {isa = PBXBuildFile; productRef = 22279B62283645050081BD47 /* FirebaseStorage */; };
		22279B66283645840081BD47 /* Alamofire in Frameworks */ = {isa = PBXBuildFile; productRef = 22279B65283645840081BD47 /* Alamofire */; };
		22279B68283646A00081BD47 /* Main.storyboard in Resources */ = {isa = PBXBuildFile; fileRef = 22279B67283646A00081BD47 /* Main.storyboard */; };
		22279B73283648220081BD47 /* DrinkTableViewController.swift in Sources */ = {isa = PBXBuildFile; fileRef = 22279B6E283648220081BD47 /* DrinkTableViewController.swift */; };
		22279B74283648220081BD47 /* DetailTableViewController.swift in Sources */ = {isa = PBXBuildFile; fileRef = 22279B6F283648220081BD47 /* DetailTableViewController.swift */; };
		22279B75283648220081BD47 /* UserViewController.swift in Sources */ = {isa = PBXBuildFile; fileRef = 22279B70283648220081BD47 /* UserViewController.swift */; };
		22279B76283648220081BD47 /* OrderListViewController.swift in Sources */ = {isa = PBXBuildFile; fileRef = 22279B71283648220081BD47 /* OrderListViewController.swift */; };
		22279B77283648220081BD47 /* RegisterViewController.swift in Sources */ = {isa = PBXBuildFile; fileRef = 22279B72283648220081BD47 /* RegisterViewController.swift */; };
		22279B7B283648270081BD47 /* DrinkResponse.swift in Sources */ = {isa = PBXBuildFile; fileRef = 22279B79283648270081BD47 /* DrinkResponse.swift */; };
		22279B7C283648270081BD47 /* ImgurResponse .swift in Sources */ = {isa = PBXBuildFile; fileRef = 22279B7A283648270081BD47 /* ImgurResponse .swift */; };
		22279B832836482A0081BD47 /* DetailTableViewCell.swift in Sources */ = {isa = PBXBuildFile; fileRef = 22279B7E2836482A0081BD47 /* DetailTableViewCell.swift */; };
		22279B842836482A0081BD47 /* OrderListTableViewCell.swift in Sources */ = {isa = PBXBuildFile; fileRef = 22279B7F2836482A0081BD47 /* OrderListTableViewCell.swift */; };
		22279B852836482A0081BD47 /* OrderListCollectionViewCell.swift in Sources */ = {isa = PBXBuildFile; fileRef = 22279B802836482A0081BD47 /* OrderListCollectionViewCell.swift */; };
		22279B862836482A0081BD47 /* headerForMenu.swift in Sources */ = {isa = PBXBuildFile; fileRef = 22279B812836482A0081BD47 /* headerForMenu.swift */; };
		22279B872836482A0081BD47 /* DrinkTableViewCell.swift in Sources */ = {isa = PBXBuildFile; fileRef = 22279B822836482A0081BD47 /* DrinkTableViewCell.swift */; };
		22A3FAEB28363DFC00D5E073 /* AppDelegate.swift in Sources */ = {isa = PBXBuildFile; fileRef = 22A3FAEA28363DFC00D5E073 /* AppDelegate.swift */; };
		22A3FAED28363DFC00D5E073 /* SceneDelegate.swift in Sources */ = {isa = PBXBuildFile; fileRef = 22A3FAEC28363DFC00D5E073 /* SceneDelegate.swift */; };
		22A3FAEF28363DFC00D5E073 /* ViewController.swift in Sources */ = {isa = PBXBuildFile; fileRef = 22A3FAEE28363DFC00D5E073 /* ViewController.swift */; };
		22A3FAF428363DFD00D5E073 /* Assets.xcassets in Resources */ = {isa = PBXBuildFile; fileRef = 22A3FAF328363DFD00D5E073 /* Assets.xcassets */; };
		22A3FAF728363DFD00D5E073 /* LaunchScreen.storyboard in Resources */ = {isa = PBXBuildFile; fileRef = 22A3FAF528363DFD00D5E073 /* LaunchScreen.storyboard */; };
/* End PBXBuildFile section */

/* Begin PBXFileReference section */
		22279B5B2836444C0081BD47 /* GoogleService-Info.plist */ = {isa = PBXFileReference; fileEncoding = 4; lastKnownFileType = text.plist.xml; path = "GoogleService-Info.plist"; sourceTree = "<group>"; };
		22279B67283646A00081BD47 /* Main.storyboard */ = {isa = PBXFileReference; fileEncoding = 4; lastKnownFileType = file.storyboard; path = Main.storyboard; sourceTree = "<group>"; };
		22279B6E283648220081BD47 /* DrinkTableViewController.swift */ = {isa = PBXFileReference; fileEncoding = 4; lastKnownFileType = sourcecode.swift; path = DrinkTableViewController.swift; sourceTree = "<group>"; };
		22279B6F283648220081BD47 /* DetailTableViewController.swift */ = {isa = PBXFileReference; fileEncoding = 4; lastKnownFileType = sourcecode.swift; path = DetailTableViewController.swift; sourceTree = "<group>"; };
		22279B70283648220081BD47 /* UserViewController.swift */ = {isa = PBXFileReference; fileEncoding = 4; lastKnownFileType = sourcecode.swift; path = UserViewController.swift; sourceTree = "<group>"; };
		22279B71283648220081BD47 /* OrderListViewController.swift */ = {isa = PBXFileReference; fileEncoding = 4; lastKnownFileType = sourcecode.swift; path = OrderListViewController.swift; sourceTree = "<group>"; };
		22279B72283648220081BD47 /* RegisterViewController.swift */ = {isa = PBXFileReference; fileEncoding = 4; lastKnownFileType = sourcecode.swift; path = RegisterViewController.swift; sourceTree = "<group>"; };
		22279B79283648270081BD47 /* DrinkResponse.swift */ = {isa = PBXFileReference; fileEncoding = 4; lastKnownFileType = sourcecode.swift; path = DrinkResponse.swift; sourceTree = "<group>"; };
		22279B7A283648270081BD47 /* ImgurResponse .swift */ = {isa = PBXFileReference; fileEncoding = 4; lastKnownFileType = sourcecode.swift; path = "ImgurResponse .swift"; sourceTree = "<group>"; };
		22279B7E2836482A0081BD47 /* DetailTableViewCell.swift */ = {isa = PBXFileReference; fileEncoding = 4; lastKnownFileType = sourcecode.swift; path = DetailTableViewCell.swift; sourceTree = "<group>"; };
		22279B7F2836482A0081BD47 /* OrderListTableViewCell.swift */ = {isa = PBXFileReference; fileEncoding = 4; lastKnownFileType = sourcecode.swift; path = OrderListTableViewCell.swift; sourceTree = "<group>"; };
		22279B802836482A0081BD47 /* OrderListCollectionViewCell.swift */ = {isa = PBXFileReference; fileEncoding = 4; lastKnownFileType = sourcecode.swift; path = OrderListCollectionViewCell.swift; sourceTree = "<group>"; };
		22279B812836482A0081BD47 /* headerForMenu.swift */ = {isa = PBXFileReference; fileEncoding = 4; lastKnownFileType = sourcecode.swift; path = headerForMenu.swift; sourceTree = "<group>"; };
		22279B822836482A0081BD47 /* DrinkTableViewCell.swift */ = {isa = PBXFileReference; fileEncoding = 4; lastKnownFileType = sourcecode.swift; path = DrinkTableViewCell.swift; sourceTree = "<group>"; };
		22279B8A283649330081BD47 /* Info.plist */ = {isa = PBXFileReference; fileEncoding = 4; lastKnownFileType = text.plist.xml; path = Info.plist; sourceTree = "<group>"; };
		22A3FAE728363DFC00D5E073 /* AppDrink.app */ = {isa = PBXFileReference; explicitFileType = wrapper.application; includeInIndex = 0; path = AppDrink.app; sourceTree = BUILT_PRODUCTS_DIR; };
		22A3FAEA28363DFC00D5E073 /* AppDelegate.swift */ = {isa = PBXFileReference; lastKnownFileType = sourcecode.swift; path = AppDelegate.swift; sourceTree = "<group>"; };
		22A3FAEC28363DFC00D5E073 /* SceneDelegate.swift */ = {isa = PBXFileReference; lastKnownFileType = sourcecode.swift; path = SceneDelegate.swift; sourceTree = "<group>"; };
		22A3FAEE28363DFC00D5E073 /* ViewController.swift */ = {isa = PBXFileReference; lastKnownFileType = sourcecode.swift; path = ViewController.swift; sourceTree = "<group>"; };
		22A3FAF328363DFD00D5E073 /* Assets.xcassets */ = {isa = PBXFileReference; lastKnownFileType = folder.assetcatalog; path = Assets.xcassets; sourceTree = "<group>"; };
		22A3FAF628363DFD00D5E073 /* Base */ = {isa = PBXFileReference; lastKnownFileType = file.storyboard; name = Base; path = Base.lproj/LaunchScreen.storyboard; sourceTree = "<group>"; };
/* End PBXFileReference section */

/* Begin PBXFrameworksBuildPhase section */
		22A3FAE428363DFC00D5E073 /* Frameworks */ = {
			isa = PBXFrameworksBuildPhase;
			buildActionMask = 2147483647;
			files = (
				22279B66283645840081BD47 /* Alamofire in Frameworks */,
				22279B5A2836425E0081BD47 /* Kingfisher in Frameworks */,
				22279B63283645050081BD47 /* FirebaseStorage in Frameworks */,
				22279B5F283645050081BD47 /* FirebaseAuth in Frameworks */,
				22279B61283645050081BD47 /* FirebaseFirestoreSwift in Frameworks */,
			);
			runOnlyForDeploymentPostprocessing = 0;
		};
/* End PBXFrameworksBuildPhase section */

/* Begin PBXGroup section */
		22279B6D283648220081BD47 /* View Controllers */ = {
			isa = PBXGroup;
			children = (
				22279B6E283648220081BD47 /* DrinkTableViewController.swift */,
				22279B6F283648220081BD47 /* DetailTableViewController.swift */,
				22279B70283648220081BD47 /* UserViewController.swift */,
				22279B71283648220081BD47 /* OrderListViewController.swift */,
				22279B72283648220081BD47 /* RegisterViewController.swift */,
			);
			path = "View Controllers";
			sourceTree = "<group>";
		};
		22279B78283648270081BD47 /* Models */ = {
			isa = PBXGroup;
			children = (
				22279B79283648270081BD47 /* DrinkResponse.swift */,
				22279B7A283648270081BD47 /* ImgurResponse .swift */,
			);
			path = Models;
			sourceTree = "<group>";
		};
		22279B7D2836482A0081BD47 /* Views */ = {
			isa = PBXGroup;
			children = (
				22279B7E2836482A0081BD47 /* DetailTableViewCell.swift */,
				22279B7F2836482A0081BD47 /* OrderListTableViewCell.swift */,
				22279B802836482A0081BD47 /* OrderListCollectionViewCell.swift */,
				22279B812836482A0081BD47 /* headerForMenu.swift */,
				22279B822836482A0081BD47 /* DrinkTableViewCell.swift */,
			);
			path = Views;
			sourceTree = "<group>";
		};
		22A3FADE28363DFC00D5E073 = {
			isa = PBXGroup;
			children = (
				22A3FAE928363DFC00D5E073 /* AppDrink */,
				22A3FAE828363DFC00D5E073 /* Products */,
			);
			sourceTree = "<group>";
		};
		22A3FAE828363DFC00D5E073 /* Products */ = {
			isa = PBXGroup;
			children = (
				22A3FAE728363DFC00D5E073 /* AppDrink.app */,
			);
			name = Products;
			sourceTree = "<group>";
		};
		22A3FAE928363DFC00D5E073 /* AppDrink */ = {
			isa = PBXGroup;
			children = (
				22279B7D2836482A0081BD47 /* Views */,
				22279B78283648270081BD47 /* Models */,
				22279B6D283648220081BD47 /* View Controllers */,
				22A3FAEA28363DFC00D5E073 /* AppDelegate.swift */,
				22A3FAEC28363DFC00D5E073 /* SceneDelegate.swift */,
				22A3FAEE28363DFC00D5E073 /* ViewController.swift */,
				22A3FAF328363DFD00D5E073 /* Assets.xcassets */,
				22279B67283646A00081BD47 /* Main.storyboard */,
				22A3FAF528363DFD00D5E073 /* LaunchScreen.storyboard */,
				22279B8A283649330081BD47 /* Info.plist */,
				22279B5B2836444C0081BD47 /* GoogleService-Info.plist */,
			);
			path = AppDrink;
			sourceTree = "<group>";
		};
/* End PBXGroup section */

/* Begin PBXNativeTarget section */
		22A3FAE628363DFC00D5E073 /* AppDrink */ = {
			isa = PBXNativeTarget;
			buildConfigurationList = 22A3FAFB28363DFD00D5E073 /* Build configuration list for PBXNativeTarget "AppDrink" */;
			buildPhases = (
				22A3FAE328363DFC00D5E073 /* Sources */,
				22A3FAE428363DFC00D5E073 /* Frameworks */,
				22A3FAE528363DFC00D5E073 /* Resources */,
			);
			buildRules = (
			);
			dependencies = (
			);
			name = AppDrink;
			packageProductDependencies = (
				22279B592836425E0081BD47 /* Kingfisher */,
				22279B5E283645050081BD47 /* FirebaseAuth */,
				22279B60283645050081BD47 /* FirebaseFirestoreSwift */,
				22279B62283645050081BD47 /* FirebaseStorage */,
				22279B65283645840081BD47 /* Alamofire */,
			);
			productName = AppDrink;
			productReference = 22A3FAE728363DFC00D5E073 /* AppDrink.app */;
			productType = "com.apple.product-type.application";
		};
/* End PBXNativeTarget section */

/* Begin PBXProject section */
		22A3FADF28363DFC00D5E073 /* Project object */ = {
			isa = PBXProject;
			attributes = {
				BuildIndependentTargetsInParallel = 1;
				LastSwiftUpdateCheck = 1340;
				LastUpgradeCheck = 1340;
				TargetAttributes = {
					22A3FAE628363DFC00D5E073 = {
						CreatedOnToolsVersion = 13.4;
					};
				};
			};
			buildConfigurationList = 22A3FAE228363DFC00D5E073 /* Build configuration list for PBXProject "AppDrink" */;
			compatibilityVersion = "Xcode 13.0";
			developmentRegion = en;
			hasScannedForEncodings = 0;
			knownRegions = (
				en,
				Base,
			);
			mainGroup = 22A3FADE28363DFC00D5E073;
			packageReferences = (
				22279B582836425E0081BD47 /* XCRemoteSwiftPackageReference "Kingfisher" */,
				22279B5D283645050081BD47 /* XCRemoteSwiftPackageReference "firebase-ios-sdk" */,
				22279B64283645840081BD47 /* XCRemoteSwiftPackageReference "Alamofire" */,
			);
			productRefGroup = 22A3FAE828363DFC00D5E073 /* Products */;
			projectDirPath = "";
			projectRoot = "";
			targets = (
				22A3FAE628363DFC00D5E073 /* AppDrink */,
			);
		};
/* End PBXProject section */

/* Begin PBXResourcesBuildPhase section */
		22A3FAE528363DFC00D5E073 /* Resources */ = {
			isa = PBXResourcesBuildPhase;
			buildActionMask = 2147483647;
			files = (
				22A3FAF728363DFD00D5E073 /* LaunchScreen.storyboard in Resources */,
				22279B5C2836444D0081BD47 /* GoogleService-Info.plist in Resources */,
				22A3FAF428363DFD00D5E073 /* Assets.xcassets in Resources */,
				22279B68283646A00081BD47 /* Main.storyboard in Resources */,
			);
			runOnlyForDeploymentPostprocessing = 0;
		};
/* End PBXResourcesBuildPhase section */

/* Begin PBXSourcesBuildPhase section */
		22A3FAE328363DFC00D5E073 /* Sources */ = {
			isa = PBXSourcesBuildPhase;
			buildActionMask = 2147483647;
			files = (
				22279B73283648220081BD47 /* DrinkTableViewController.swift in Sources */,
				22279B75283648220081BD47 /* UserViewController.swift in Sources */,
				22279B74283648220081BD47 /* DetailTableViewController.swift in Sources */,
				22279B862836482A0081BD47 /* headerForMenu.swift in Sources */,
				22279B872836482A0081BD47 /* DrinkTableViewCell.swift in Sources */,
				22279B7B283648270081BD47 /* DrinkResponse.swift in Sources */,
				22279B7C283648270081BD47 /* ImgurResponse .swift in Sources */,
				22279B77283648220081BD47 /* RegisterViewController.swift in Sources */,
				22279B842836482A0081BD47 /* OrderListTableViewCell.swift in Sources */,
				22279B76283648220081BD47 /* OrderListViewController.swift in Sources */,
				22A3FAEF28363DFC00D5E073 /* ViewController.swift in Sources */,
				22A3FAEB28363DFC00D5E073 /* AppDelegate.swift in Sources */,
				22A3FAED28363DFC00D5E073 /* SceneDelegate.swift in Sources */,
				22279B832836482A0081BD47 /* DetailTableViewCell.swift in Sources */,
				22279B852836482A0081BD47 /* OrderListCollectionViewCell.swift in Sources */,
			);
			runOnlyForDeploymentPostprocessing = 0;
		};
/* End PBXSourcesBuildPhase section */

/* Begin PBXVariantGroup section */
		22A3FAF528363DFD00D5E073 /* LaunchScreen.storyboard */ = {
			isa = PBXVariantGroup;
			children = (
				22A3FAF628363DFD00D5E073 /* Base */,
			);
			name = LaunchScreen.storyboard;
			sourceTree = "<group>";
		};
/* End PBXVariantGroup section */

/* Begin XCBuildConfiguration section */
		22A3FAF928363DFD00D5E073 /* Debug */ = {
			isa = XCBuildConfiguration;
			buildSettings = {
				ALWAYS_SEARCH_USER_PATHS = NO;
				CLANG_ANALYZER_NONNULL = YES;
				CLANG_ANALYZER_NUMBER_OBJECT_CONVERSION = YES_AGGRESSIVE;
				CLANG_CXX_LANGUAGE_STANDARD = "gnu++17";
				CLANG_ENABLE_MODULES = YES;
				CLANG_ENABLE_OBJC_ARC = YES;
				CLANG_ENABLE_OBJC_WEAK = YES;
				CLANG_WARN_BLOCK_CAPTURE_AUTORELEASING = YES;
				CLANG_WARN_BOOL_CONVERSION = YES;
				CLANG_WARN_COMMA = YES;
				CLANG_WARN_CONSTANT_CONVERSION = YES;
				CLANG_WARN_DEPRECATED_OBJC_IMPLEMENTATIONS = YES;
				CLANG_WARN_DIRECT_OBJC_ISA_USAGE = YES_ERROR;
				CLANG_WARN_DOCUMENTATION_COMMENTS = YES;
				CLANG_WARN_EMPTY_BODY = YES;
				CLANG_WARN_ENUM_CONVERSION = YES;
				CLANG_WARN_INFINITE_RECURSION = YES;
				CLANG_WARN_INT_CONVERSION = YES;
				CLANG_WARN_NON_LITERAL_NULL_CONVERSION = YES;
				CLANG_WARN_OBJC_IMPLICIT_RETAIN_SELF = YES;
				CLANG_WARN_OBJC_LITERAL_CONVERSION = YES;
				CLANG_WARN_OBJC_ROOT_CLASS = YES_ERROR;
				CLANG_WARN_QUOTED_INCLUDE_IN_FRAMEWORK_HEADER = YES;
				CLANG_WARN_RANGE_LOOP_ANALYSIS = YES;
				CLANG_WARN_STRICT_PROTOTYPES = YES;
				CLANG_WARN_SUSPICIOUS_MOVE = YES;
				CLANG_WARN_UNGUARDED_AVAILABILITY = YES_AGGRESSIVE;
				CLANG_WARN_UNREACHABLE_CODE = YES;
				CLANG_WARN__DUPLICATE_METHOD_MATCH = YES;
				COPY_PHASE_STRIP = NO;
				DEBUG_INFORMATION_FORMAT = dwarf;
				ENABLE_STRICT_OBJC_MSGSEND = YES;
				ENABLE_TESTABILITY = YES;
				GCC_C_LANGUAGE_STANDARD = gnu11;
				GCC_DYNAMIC_NO_PIC = NO;
				GCC_NO_COMMON_BLOCKS = YES;
				GCC_OPTIMIZATION_LEVEL = 0;
				GCC_PREPROCESSOR_DEFINITIONS = (
					"DEBUG=1",
					"$(inherited)",
				);
				GCC_WARN_64_TO_32_BIT_CONVERSION = YES;
				GCC_WARN_ABOUT_RETURN_TYPE = YES_ERROR;
				GCC_WARN_UNDECLARED_SELECTOR = YES;
				GCC_WARN_UNINITIALIZED_AUTOS = YES_AGGRESSIVE;
				GCC_WARN_UNUSED_FUNCTION = YES;
				GCC_WARN_UNUSED_VARIABLE = YES;
				IPHONEOS_DEPLOYMENT_TARGET = 15.5;
				MTL_ENABLE_DEBUG_INFO = INCLUDE_SOURCE;
				MTL_FAST_MATH = YES;
				ONLY_ACTIVE_ARCH = YES;
				SDKROOT = iphoneos;
				SWIFT_ACTIVE_COMPILATION_CONDITIONS = DEBUG;
				SWIFT_OPTIMIZATION_LEVEL = "-Onone";
			};
			name = Debug;
		};
		22A3FAFA28363DFD00D5E073 /* Release */ = {
			isa = XCBuildConfiguration;
			buildSettings = {
				ALWAYS_SEARCH_USER_PATHS = NO;
				CLANG_ANALYZER_NONNULL = YES;
				CLANG_ANALYZER_NUMBER_OBJECT_CONVERSION = YES_AGGRESSIVE;
				CLANG_CXX_LANGUAGE_STANDARD = "gnu++17";
				CLANG_ENABLE_MODULES = YES;
				CLANG_ENABLE_OBJC_ARC = YES;
				CLANG_ENABLE_OBJC_WEAK = YES;
				CLANG_WARN_BLOCK_CAPTURE_AUTORELEASING = YES;
				CLANG_WARN_BOOL_CONVERSION = YES;
				CLANG_WARN_COMMA = YES;
				CLANG_WARN_CONSTANT_CONVERSION = YES;
				CLANG_WARN_DEPRECATED_OBJC_IMPLEMENTATIONS = YES;
				CLANG_WARN_DIRECT_OBJC_ISA_USAGE = YES_ERROR;
				CLANG_WARN_DOCUMENTATION_COMMENTS = YES;
				CLANG_WARN_EMPTY_BODY = YES;
				CLANG_WARN_ENUM_CONVERSION = YES;
				CLANG_WARN_INFINITE_RECURSION = YES;
				CLANG_WARN_INT_CONVERSION = YES;
				CLANG_WARN_NON_LITERAL_NULL_CONVERSION = YES;
				CLANG_WARN_OBJC_IMPLICIT_RETAIN_SELF = YES;
				CLANG_WARN_OBJC_LITERAL_CONVERSION = YES;
				CLANG_WARN_OBJC_ROOT_CLASS = YES_ERROR;
				CLANG_WARN_QUOTED_INCLUDE_IN_FRAMEWORK_HEADER = YES;
				CLANG_WARN_RANGE_LOOP_ANALYSIS = YES;
				CLANG_WARN_STRICT_PROTOTYPES = YES;
				CLANG_WARN_SUSPICIOUS_MOVE = YES;
				CLANG_WARN_UNGUARDED_AVAILABILITY = YES_AGGRESSIVE;
				CLANG_WARN_UNREACHABLE_CODE = YES;
				CLANG_WARN__DUPLICATE_METHOD_MATCH = YES;
				COPY_PHASE_STRIP = NO;
				DEBUG_INFORMATION_FORMAT = "dwarf-with-dsym";
				ENABLE_NS_ASSERTIONS = NO;
				ENABLE_STRICT_OBJC_MSGSEND = YES;
				GCC_C_LANGUAGE_STANDARD = gnu11;
				GCC_NO_COMMON_BLOCKS = YES;
				GCC_WARN_64_TO_32_BIT_CONVERSION = YES;
				GCC_WARN_ABOUT_RETURN_TYPE = YES_ERROR;
				GCC_WARN_UNDECLARED_SELECTOR = YES;
				GCC_WARN_UNINITIALIZED_AUTOS = YES_AGGRESSIVE;
				GCC_WARN_UNUSED_FUNCTION = YES;
				GCC_WARN_UNUSED_VARIABLE = YES;
				IPHONEOS_DEPLOYMENT_TARGET = 15.5;
				MTL_ENABLE_DEBUG_INFO = NO;
				MTL_FAST_MATH = YES;
				SDKROOT = iphoneos;
				SWIFT_COMPILATION_MODE = wholemodule;
				SWIFT_OPTIMIZATION_LEVEL = "-O";
				VALIDATE_PRODUCT = YES;
			};
			name = Release;
		};
		22A3FAFC28363DFD00D5E073 /* Debug */ = {
			isa = XCBuildConfiguration;
			buildSettings = {
				ASSETCATALOG_COMPILER_APPICON_NAME = AppIcon;
				ASSETCATALOG_COMPILER_GLOBAL_ACCENT_COLOR_NAME = AccentColor;
				CODE_SIGN_STYLE = Automatic;
				CURRENT_PROJECT_VERSION = 1;
				DEVELOPMENT_TEAM = B6P696Q79U;
				GENERATE_INFOPLIST_FILE = YES;
				INFOPLIST_FILE = AppDrink/Info.plist;
				INFOPLIST_KEY_UIApplicationSupportsIndirectInputEvents = YES;
				INFOPLIST_KEY_UILaunchStoryboardName = LaunchScreen;
				INFOPLIST_KEY_UIMainStoryboardFile = Main;
				INFOPLIST_KEY_UISupportedInterfaceOrientations_iPad = "UIInterfaceOrientationPortrait UIInterfaceOrientationPortraitUpsideDown UIInterfaceOrientationLandscapeLeft UIInterfaceOrientationLandscapeRight";
				INFOPLIST_KEY_UISupportedInterfaceOrientations_iPhone = "UIInterfaceOrientationPortrait UIInterfaceOrientationLandscapeLeft UIInterfaceOrientationLandscapeRight";
				LD_RUNPATH_SEARCH_PATHS = (
					"$(inherited)",
					"@executable_path/Frameworks",
				);
				MARKETING_VERSION = 1.0;
				PRODUCT_BUNDLE_IDENTIFIER = casper.com.AppDrink;
				PRODUCT_NAME = "$(TARGET_NAME)";
				SWIFT_EMIT_LOC_STRINGS = YES;
				SWIFT_VERSION = 5.0;
				TARGETED_DEVICE_FAMILY = "1,2";
			};
			name = Debug;
		};
		22A3FAFD28363DFD00D5E073 /* Release */ = {
			isa = XCBuildConfiguration;
			buildSettings = {
				ASSETCATALOG_COMPILER_APPICON_NAME = AppIcon;
				ASSETCATALOG_COMPILER_GLOBAL_ACCENT_COLOR_NAME = AccentColor;
				CODE_SIGN_STYLE = Automatic;
				CURRENT_PROJECT_VERSION = 1;
				DEVELOPMENT_TEAM = B6P696Q79U;
				GENERATE_INFOPLIST_FILE = YES;
				INFOPLIST_FILE = AppDrink/Info.plist;
				INFOPLIST_KEY_UIApplicationSupportsIndirectInputEvents = YES;
				INFOPLIST_KEY_UILaunchStoryboardName = LaunchScreen;
				INFOPLIST_KEY_UIMainStoryboardFile = Main;
				INFOPLIST_KEY_UISupportedInterfaceOrientations_iPad = "UIInterfaceOrientationPortrait UIInterfaceOrientationPortraitUpsideDown UIInterfaceOrientationLandscapeLeft UIInterfaceOrientationLandscapeRight";
				INFOPLIST_KEY_UISupportedInterfaceOrientations_iPhone = "UIInterfaceOrientationPortrait UIInterfaceOrientationLandscapeLeft UIInterfaceOrientationLandscapeRight";
				LD_RUNPATH_SEARCH_PATHS = (
					"$(inherited)",
					"@executable_path/Frameworks",
				);
				MARKETING_VERSION = 1.0;
				PRODUCT_BUNDLE_IDENTIFIER = casper.com.AppDrink;
				PRODUCT_NAME = "$(TARGET_NAME)";
				SWIFT_EMIT_LOC_STRINGS = YES;
				SWIFT_VERSION = 5.0;
				TARGETED_DEVICE_FAMILY = "1,2";
			};
			name = Release;
		};
/* End XCBuildConfiguration section */

/* Begin XCConfigurationList section */
		22A3FAE228363DFC00D5E073 /* Build configuration list for PBXProject "AppDrink" */ = {
			isa = XCConfigurationList;
			buildConfigurations = (
				22A3FAF928363DFD00D5E073 /* Debug */,
				22A3FAFA28363DFD00D5E073 /* Release */,
			);
			defaultConfigurationIsVisible = 0;
			defaultConfigurationName = Release;
		};
		22A3FAFB28363DFD00D5E073 /* Build configuration list for PBXNativeTarget "AppDrink" */ = {
			isa = XCConfigurationList;
			buildConfigurations = (
				22A3FAFC28363DFD00D5E073 /* Debug */,
				22A3FAFD28363DFD00D5E073 /* Release */,
			);
			defaultConfigurationIsVisible = 0;
			defaultConfigurationName = Release;
		};
/* End XCConfigurationList section */

/* Begin XCRemoteSwiftPackageReference section */
		22279B582836425E0081BD47 /* XCRemoteSwiftPackageReference "Kingfisher" */ = {
			isa = XCRemoteSwiftPackageReference;
			repositoryURL = "https://github.com/onevcat/Kingfisher";
			requirement = {
				branch = master;
				kind = branch;
			};
		};
		22279B5D283645050081BD47 /* XCRemoteSwiftPackageReference "firebase-ios-sdk" */ = {
			isa = XCRemoteSwiftPackageReference;
			repositoryURL = "https://github.com/firebase/firebase-ios-sdk";
			requirement = {
				kind = upToNextMajorVersion;
				minimumVersion = 9.0.0;
			};
		};
		22279B64283645840081BD47 /* XCRemoteSwiftPackageReference "Alamofire" */ = {
			isa = XCRemoteSwiftPackageReference;
			repositoryURL = "https://github.com/Alamofire/Alamofire";
			requirement = {
				branch = master;
				kind = branch;
			};
		};
/* End XCRemoteSwiftPackageReference section */

/* Begin XCSwiftPackageProductDependency section */
		22279B592836425E0081BD47 /* Kingfisher */ = {
			isa = XCSwiftPackageProductDependency;
			package = 22279B582836425E0081BD47 /* XCRemoteSwiftPackageReference "Kingfisher" */;
			productName = Kingfisher;
		};
		22279B5E283645050081BD47 /* FirebaseAuth */ = {
			isa = XCSwiftPackageProductDependency;
			package = 22279B5D283645050081BD47 /* XCRemoteSwiftPackageReference "firebase-ios-sdk" */;
			productName = FirebaseAuth;
		};
		22279B60283645050081BD47 /* FirebaseFirestoreSwift */ = {
			isa = XCSwiftPackageProductDependency;
			package = 22279B5D283645050081BD47 /* XCRemoteSwiftPackageReference "firebase-ios-sdk" */;
			productName = FirebaseFirestoreSwift;
		};
		22279B62283645050081BD47 /* FirebaseStorage */ = {
			isa = XCSwiftPackageProductDependency;
			package = 22279B5D283645050081BD47 /* XCRemoteSwiftPackageReference "firebase-ios-sdk" */;
			productName = FirebaseStorage;
		};
		22279B65283645840081BD47 /* Alamofire */ = {
			isa = XCSwiftPackageProductDependency;
			package = 22279B64283645840081BD47 /* XCRemoteSwiftPackageReference "Alamofire" */;
			productName = Alamofire;
		};
/* End XCSwiftPackageProductDependency section */
	};
	rootObject = 22A3FADF28363DFC00D5E073 /* Project object */;
}
